
Microsoft Visual Studio Solution File, Format Version 12.00
# Visual Studio Version 17
VisualStudioVersion = 17.4.33110.190
MinimumVisualStudioVersion = 10.0.40219.1
Project("{9A19103F-16F7-4668-BE54-9A1E7A4F7556}") = "OrderMicroService.Api", "OrderMicroService\OrderMicroService.Api.csproj", "{356E2393-8430-48A1-8CE2-C3DB1D418167}"
EndProject
Project("{9A19103F-16F7-4668-BE54-9A1E7A4F7556}") = "ProductMicroService.Api", "ProductMicroService\ProductMicroService.Api.csproj", "{F1D9BA04-FF85-4782-9D8B-85BE2753D515}"
EndProject
Project("{9A19103F-16F7-4668-BE54-9A1E7A4F7556}") = "GatewayApi", "GatewayApi\GatewayApi.csproj", "{2F9E3A15-97C0-4386-90BA-D7950F88EE8A}"
EndProject
Project("{FAE04EC0-301F-11D3-BF4B-00C04F79EFBC}") = "OrderMicroService.Models", "OrderMicroService.Models\OrderMicroService.Models.csproj", "{F914BC41-61AE-4BD6-8337-81A16AE5DBC8}"
EndProject
Project("{FAE04EC0-301F-11D3-BF4B-00C04F79EFBC}") = "ProductMicroService.Models", "ProductMicroService.Models\ProductMicroService.Models.csproj", "{B1A4F179-33FD-4A87-BF23-6FE709F4B7D1}"
EndProject
Global
	GlobalSection(SolutionConfigurationPlatforms) = preSolution
		Debug|Any CPU = Debug|Any CPU
		Release|Any CPU = Release|Any CPU
	EndGlobalSection
	GlobalSection(ProjectConfigurationPlatforms) = postSolution
		{356E2393-8430-48A1-8CE2-C3DB1D418167}.Debug|Any CPU.ActiveCfg = Debug|Any CPU
		{356E2393-8430-48A1-8CE2-C3DB1D418167}.Debug|Any CPU.Build.0 = Debug|Any CPU
		{356E2393-8430-48A1-8CE2-C3DB1D418167}.Release|Any CPU.ActiveCfg = Release|Any CPU
		{356E2393-8430-48A1-8CE2-C3DB1D418167}.Release|Any CPU.Build.0 = Release|Any CPU
		{F1D9BA04-FF85-4782-9D8B-85BE2753D515}.Debug|Any CPU.ActiveCfg = Debug|Any CPU
		{F1D9BA04-FF85-4782-9D8B-85BE2753D515}.Debug|Any CPU.Build.0 = Debug|Any CPU
		{F1D9BA04-FF85-4782-9D8B-85BE2753D515}.Release|Any CPU.ActiveCfg = Release|Any CPU
		{F1D9BA04-FF85-4782-9D8B-85BE2753D515}.Release|Any CPU.Build.0 = Release|Any CPU
		{2F9E3A15-97C0-4386-90BA-D7950F88EE8A}.Debug|Any CPU.ActiveCfg = Debug|Any CPU
		{2F9E3A15-97C0-4386-90BA-D7950F88EE8A}.Debug|Any CPU.Build.0 = Debug|Any CPU
		{2F9E3A15-97C0-4386-90BA-D7950F88EE8A}.Release|Any CPU.ActiveCfg = Release|Any CPU
		{2F9E3A15-97C0-4386-90BA-D7950F88EE8A}.Release|Any CPU.Build.0 = Release|Any CPU
		{F914BC41-61AE-4BD6-8337-81A16AE5DBC8}.Debug|Any CPU.ActiveCfg = Debug|Any CPU
		{F914BC41-61AE-4BD6-8337-81A16AE5DBC8}.Debug|Any CPU.Build.0 = Debug|Any CPU
		{F914BC41-61AE-4BD6-8337-81A16AE5DBC8}.Release|Any CPU.ActiveCfg = Release|Any CPU
		{F914BC41-61AE-4BD6-8337-81A16AE5DBC8}.Release|Any CPU.Build.0 = Release|Any CPU
		{B1A4F179-33FD-4A87-BF23-6FE709F4B7D1}.Debug|Any CPU.ActiveCfg = Debug|Any CPU
		{B1A4F179-33FD-4A87-BF23-6FE709F4B7D1}.Debug|Any CPU.Build.0 = Debug|Any CPU
		{B1A4F179-33FD-4A87-BF23-6FE709F4B7D1}.Release|Any CPU.ActiveCfg = Release|Any CPU
		{B1A4F179-33FD-4A87-BF23-6FE709F4B7D1}.Release|Any CPU.Build.0 = Release|Any CPU
	EndGlobalSection
	GlobalSection(SolutionProperties) = preSolution
		HideSolutionNode = FALSE
	EndGlobalSection
	GlobalSection(ExtensibilityGlobals) = postSolution
		SolutionGuid = {13414F47-A756-4972-ACD6-9B6BCB0C48C5}
	EndGlobalSection
EndGlobal
